<?xml version="1.0" encoding="utf-8"?>
<Project ToolsVersion="4.0" xmlns="http://schemas.microsoft.com/developer/msbuild/2003">
  <ItemGroup>
    <Filter Include="Source Files">
      <UniqueIdentifier>{4FC737F1-C7A5-4376-A066-2A32D752A2FF}</UniqueIdentifier>
      <Extensions>cpp;c;cc;cxx;def;odl;idl;hpj;bat;asm;asmx</Extensions>
    </Filter>
    <Filter Include="Header Files">
      <UniqueIdentifier>{93995380-89BD-4b04-88EB-625FBE52EBFB}</UniqueIdentifier>
      <Extensions>h;hh;hpp;hxx;hm;inl;inc;xsd</Extensions>
    </Filter>
    <Filter Include="Resource Files">
      <UniqueIdentifier>{67DA6AB6-F800-4c08-8B7A-83BB121AAD01}</UniqueIdentifier>
      <Extensions>rc;ico;cur;bmp;dlg;rc2;rct;bin;rgs;gif;jpg;jpeg;jpe;resx;tiff;tif;png;wav;mfcribbon-ms</Extensions>
    </Filter>
    <Filter Include="Source Files\tests">
      <UniqueIdentifier>{4181f9ad-2d1f-4531-bddf-ba9ed5ab5b87}</UniqueIdentifier>
    </Filter>
  </ItemGroup>
  <ItemGroup>
    <ClInclude Include="..\include\basic_types.hxx">
      <Filter>Header Files</Filter>
    </ClInclude>
    <ClInclude Include="..\include\cornerstone.hxx">
      <Filter>Header Files</Filter>
    </ClInclude>
    <ClInclude Include="..\include\log_entry.hxx">
      <Filter>Header Files</Filter>
    </ClInclude>
    <ClInclude Include="..\include\buffer.hxx">
      <Filter>Header Files</Filter>
    </ClInclude>
    <ClInclude Include="..\include\msg_base.hxx">
      <Filter>Header Files</Filter>
    </ClInclude>
    <ClInclude Include="..\include\msg_type.hxx">
      <Filter>Header Files</Filter>
    </ClInclude>
    <ClInclude Include="..\include\req_msg.hxx">
      <Filter>Header Files</Filter>
    </ClInclude>
    <ClInclude Include="..\include\pp_util.hxx">
      <Filter>Header Files</Filter>
    </ClInclude>
    <ClInclude Include="..\include\log_val_type.hxx">
      <Filter>Header Files</Filter>
    </ClInclude>
    <ClInclude Include="..\include\resp_msg.hxx">
      <Filter>Header Files</Filter>
    </ClInclude>
    <ClInclude Include="..\include\cluster_config.hxx">
      <Filter>Header Files</Filter>
    </ClInclude>
    <ClInclude Include="..\include\srv_config.hxx">
      <Filter>Header Files</Filter>
    </ClInclude>
    <ClInclude Include="..\include\logger.hxx">
      <Filter>Header Files</Filter>
    </ClInclude>
    <ClInclude Include="..\include\srv_state.hxx">
      <Filter>Header Files</Filter>
    </ClInclude>
    <ClInclude Include="..\include\log_store.hxx">
      <Filter>Header Files</Filter>
    </ClInclude>
    <ClInclude Include="..\include\state_mgr.hxx">
      <Filter>Header Files</Filter>
    </ClInclude>
    <ClInclude Include="..\include\raft_params.hxx">
      <Filter>Header Files</Filter>
    </ClInclude>
    <ClInclude Include="..\include\async.hxx">
      <Filter>Header Files</Filter>
    </ClInclude>
    <ClInclude Include="..\include\rpc_listener.hxx">
      <Filter>Header Files</Filter>
    </ClInclude>
    <ClInclude Include="..\include\state_machine.hxx">
      <Filter>Header Files</Filter>
    </ClInclude>
    <ClInclude Include="..\include\snapshot.hxx">
      <Filter>Header Files</Filter>
    </ClInclude>
    <ClInclude Include="..\include\rpc_cli_factory.hxx">
      <Filter>Header Files</Filter>
    </ClInclude>
    <ClInclude Include="..\include\rpc_cli.hxx">
      <Filter>Header Files</Filter>
    </ClInclude>
    <ClInclude Include="..\include\context.hxx">
      <Filter>Header Files</Filter>
    </ClInclude>
    <ClInclude Include="..\include\rpc_exception.hxx">
      <Filter>Header Files</Filter>
    </ClInclude>
    <ClInclude Include="..\include\srv_role.hxx">
      <Filter>Header Files</Filter>
    </ClInclude>
    <ClInclude Include="..\include\snapshot_sync_ctx.hxx">
      <Filter>Header Files</Filter>
    </ClInclude>
    <ClInclude Include="..\include\snapshot_sync_req.hxx">
      <Filter>Header Files</Filter>
    </ClInclude>
    <ClInclude Include="..\include\timer_task.hxx">
      <Filter>Header Files</Filter>
    </ClInclude>
    <ClInclude Include="..\include\delayed_task.hxx">
      <Filter>Header Files</Filter>
    </ClInclude>
    <ClInclude Include="..\include\delayed_task_scheduler.hxx">
      <Filter>Header Files</Filter>
    </ClInclude>
    <ClInclude Include="..\include\peer.hxx">
      <Filter>Header Files</Filter>
    </ClInclude>
    <ClInclude Include="..\include\raft_server.hxx">
      <Filter>Header Files</Filter>
    </ClInclude>
    <ClInclude Include="..\include\strfmt.hxx">
      <Filter>Header Files</Filter>
    </ClInclude>
    <ClInclude Include="..\include\asio_service.hxx">
      <Filter>Header Files</Filter>
    </ClInclude>
    <ClInclude Include="..\include\fs_log_store.hxx">
      <Filter>Header Files</Filter>
    </ClInclude>
    <ClInclude Include="..\include\ptr.hxx">
      <Filter>Header Files</Filter>
    </ClInclude>
  </ItemGroup>
  <ItemGroup>
    <ClCompile Include="..\src\peer.cxx">
      <Filter>Source Files</Filter>
    </ClCompile>
    <ClCompile Include="..\tests\src\test_runner.cxx">
      <Filter>Source Files\tests</Filter>
    </ClCompile>
    <ClCompile Include="..\tests\src\test_strfmt.cxx">
      <Filter>Source Files\tests</Filter>
    </ClCompile>
    <ClCompile Include="..\src\raft_server.cxx">
      <Filter>Source Files</Filter>
    </ClCompile>
    <ClCompile Include="..\src\buffer.cxx">
      <Filter>Source Files</Filter>
    </ClCompile>
    <ClCompile Include="..\tests\src\test_buffer.cxx">
      <Filter>Source Files\tests</Filter>
    </ClCompile>
    <ClCompile Include="..\src\cluster_config.cxx">
      <Filter>Source Files</Filter>
    </ClCompile>
    <ClCompile Include="..\src\srv_config.cxx">
      <Filter>Source Files</Filter>
    </ClCompile>
    <ClCompile Include="..\src\snapshot_sync_req.cxx">
      <Filter>Source Files</Filter>
    </ClCompile>
    <ClCompile Include="..\src\snapshot.cxx">
      <Filter>Source Files</Filter>
    </ClCompile>
    <ClCompile Include="..\tests\src\test_serialization.cxx">
      <Filter>Source Files\tests</Filter>
    </ClCompile>
    <ClCompile Include="..\src\asio_service.cxx">
      <Filter>Source Files</Filter>
    </ClCompile>
    <ClCompile Include="..\tests\src\test_scheduler.cxx">
      <Filter>Source Files\tests</Filter>
    </ClCompile>
    <ClCompile Include="..\tests\src\test_impls.cxx">
      <Filter>Source Files\tests</Filter>
    </ClCompile>
    <ClCompile Include="..\tests\src\test_logger.cxx">
      <Filter>Source Files\tests</Filter>
    </ClCompile>
    <ClCompile Include="..\src\fs_log_store.cxx">
      <Filter>Source Files</Filter>
    </ClCompile>
    <ClCompile Include="..\tests\src\test_log_store.cxx">
      <Filter>Source Files\tests</Filter>
    </ClCompile>
    <ClCompile Include="..\tests\src\test_ptr.cxx">
      <Filter>Source Files\tests</Filter>
    </ClCompile>
    <ClCompile Include="..\tests\src\test_async_result.cxx">
      <Filter>Source Files\tests</Filter>
    </ClCompile>
  </ItemGroup>
  <ItemGroup>
    <None Include="..\sources" />
    <None Include="..\tests\sources" />
  </ItemGroup>
</Project>